
Microsoft Visual Studio Solution File, Format Version 12.00
# Visual Studio Version 17
VisualStudioVersion = 17.2.32616.157
MinimumVisualStudioVersion = 10.0.40219.1
Project("{FAE04EC0-301F-11D3-BF4B-00C04F79EFBC}") = "ConexionPstgSQL", "ConexionPstgSQL\ConexionPstgSQL.csproj", "{B3ABA63D-3204-434C-B53A-1156EB3A7FAD}"
EndProject
Global
	GlobalSection(SolutionConfigurationPlatforms) = preSolution
		Debug|Any CPU = Debug|Any CPU
		Release|Any CPU = Release|Any CPU
	EndGlobalSection
	GlobalSection(ProjectConfigurationPlatforms) = postSolution
		{B3ABA63D-3204-434C-B53A-1156EB3A7FAD}.Debug|Any CPU.ActiveCfg = Debug|Any CPU
		{B3ABA63D-3204-434C-B53A-1156EB3A7FAD}.Debug|Any CPU.Build.0 = Debug|Any CPU
		{B3ABA63D-3204-434C-B53A-1156EB3A7FAD}.Release|Any CPU.ActiveCfg = Release|Any CPU
		{B3ABA63D-3204-434C-B53A-1156EB3A7FAD}.Release|Any CPU.Build.0 = Release|Any CPU
	EndGlobalSection
	GlobalSection(SolutionProperties) = preSolution
		HideSolutionNode = FALSE
	EndGlobalSection
	GlobalSection(ExtensibilityGlobals) = postSolution
		SolutionGuid = {31F3DFAC-23AA-4F1A-BF98-C6696BDEEE15}
	EndGlobalSection
EndGlobal
